
Microsoft Visual Studio Solution File, Format Version 12.00
# Visual Studio Version 17
VisualStudioVersion = 17.11.35222.181
MinimumVisualStudioVersion = 10.0.40219.1
Project("{FAE04EC0-301F-11D3-BF4B-00C04F79EFBC}") = "lab5", "lab5\lab5.csproj", "{0DD3223C-774B-4DC0-92BA-E027C98A5387}"
EndProject
Global
	GlobalSection(SolutionConfigurationPlatforms) = preSolution
		Debug|Any CPU = Debug|Any CPU
		Release|Any CPU = Release|Any CPU
	EndGlobalSection
	GlobalSection(ProjectConfigurationPlatforms) = postSolution
		{0DD3223C-774B-4DC0-92BA-E027C98A5387}.Debug|Any CPU.ActiveCfg = Debug|Any CPU
		{0DD3223C-774B-4DC0-92BA-E027C98A5387}.Debug|Any CPU.Build.0 = Debug|Any CPU
		{0DD3223C-774B-4DC0-92BA-E027C98A5387}.Release|Any CPU.ActiveCfg = Release|Any CPU
		{0DD3223C-774B-4DC0-92BA-E027C98A5387}.Release|Any CPU.Build.0 = Release|Any CPU
	EndGlobalSection
	GlobalSection(SolutionProperties) = preSolution
		HideSolutionNode = FALSE
	EndGlobalSection
	GlobalSection(ExtensibilityGlobals) = postSolution
		SolutionGuid = {3B212330-6066-45CB-8AED-10F768781AA1}
	EndGlobalSection
EndGlobal
